
Microsoft Visual Studio Solution File, Format Version 12.00
# Visual Studio Version 17
VisualStudioVersion = 17.0.31903.59
MinimumVisualStudioVersion = 10.0.40219.1
Project("{2150E333-8FDC-42A3-9474-1A3956D46DE8}") = "src", "src", "{827E0CD3-B72D-47B6-A68D-7590B98EB39B}"
EndProject
Project("{FAE04EC0-301F-11D3-BF4B-00C04F79EFBC}") = "Cmms.Api", "src\Cmms.Api\Cmms.Api.csproj", "{F3EF64D7-178F-418D-99D8-4042CE9D510D}"
EndProject
Project("{FAE04EC0-301F-11D3-BF4B-00C04F79EFBC}") = "Cmms.BuildingBlocks", "src\Cmms.BuildingBlocks\Cmms.BuildingBlocks.csproj", "{52E3C881-153C-47C2-B8AB-884D216DE0BB}"
EndProject
Project("{2150E333-8FDC-42A3-9474-1A3956D46DE8}") = "Modules", "Modules", "{EC447DCF-ABFA-6E24-52A5-D7FD48A5C558}"
EndProject
Project("{FAE04EC0-301F-11D3-BF4B-00C04F79EFBC}") = "IdentityAccess", "src\Modules\IdentityAccess\IdentityAccess.csproj", "{3DBD4697-A745-48FA-8155-F0AA0DC3330B}"
EndProject
Project("{FAE04EC0-301F-11D3-BF4B-00C04F79EFBC}") = "Assets", "src\Modules\Assets\Assets.csproj", "{6B6808D6-5A21-423B-94AF-276BD3F71657}"
EndProject
Project("{2150E333-8FDC-42A3-9474-1A3956D46DE8}") = "Modules", "Modules", "{CA253913-39DE-BFD0-C9A3-4B7EC6FBDF17}"
EndProject
Project("{FAE04EC0-301F-11D3-BF4B-00C04F79EFBC}") = "Audit", "src\Modules\Audit\Audit.csproj", "{8FB34F89-9598-4E4E-84C2-92D1FB4FF4BD}"
EndProject
Project("{2150E333-8FDC-42A3-9474-1A3956D46DE8}") = "tests", "tests", "{0AB3BF05-4346-4AA6-1389-037BE0695223}"
EndProject
Project("{FAE04EC0-301F-11D3-BF4B-00C04F79EFBC}") = "Cmms.IntegrationTests", "tests\Cmms.IntegrationTests\Cmms.IntegrationTests.csproj", "{08630303-92DB-4033-82C0-2B0ABEE7D1C9}"
EndProject
Project("{FAE04EC0-301F-11D3-BF4B-00C04F79EFBC}") = "MaintenanceRequests", "src\Modules\MaintenanceRequests\MaintenanceRequests.csproj", "{D7949A20-604A-4138-B661-0AB2CBF36A60}"
EndProject
Project("{FAE04EC0-301F-11D3-BF4B-00C04F79EFBC}") = "WorkManagement", "src\Modules\WorkManagement\WorkManagement.csproj", "{4128AD89-65FA-420D-8978-24D828925620}"
EndProject
Project("{FAE04EC0-301F-11D3-BF4B-00C04F79EFBC}") = "PreventiveMaintenance", "src\Modules\PreventiveMaintenance\PreventiveMaintenance.csproj", "{1B7E79BE-72FE-4C4C-B052-424704AA2412}"
EndProject
Global
	GlobalSection(SolutionConfigurationPlatforms) = preSolution
		Debug|Any CPU = Debug|Any CPU
		Debug|x64 = Debug|x64
		Debug|x86 = Debug|x86
		Release|Any CPU = Release|Any CPU
		Release|x64 = Release|x64
		Release|x86 = Release|x86
	EndGlobalSection
	GlobalSection(ProjectConfigurationPlatforms) = postSolution
		{F3EF64D7-178F-418D-99D8-4042CE9D510D}.Debug|Any CPU.ActiveCfg = Debug|Any CPU
		{F3EF64D7-178F-418D-99D8-4042CE9D510D}.Debug|Any CPU.Build.0 = Debug|Any CPU
		{F3EF64D7-178F-418D-99D8-4042CE9D510D}.Debug|x64.ActiveCfg = Debug|Any CPU
		{F3EF64D7-178F-418D-99D8-4042CE9D510D}.Debug|x64.Build.0 = Debug|Any CPU
		{F3EF64D7-178F-418D-99D8-4042CE9D510D}.Debug|x86.ActiveCfg = Debug|Any CPU
		{F3EF64D7-178F-418D-99D8-4042CE9D510D}.Debug|x86.Build.0 = Debug|Any CPU
		{F3EF64D7-178F-418D-99D8-4042CE9D510D}.Release|Any CPU.ActiveCfg = Release|Any CPU
		{F3EF64D7-178F-418D-99D8-4042CE9D510D}.Release|Any CPU.Build.0 = Release|Any CPU
		{F3EF64D7-178F-418D-99D8-4042CE9D510D}.Release|x64.ActiveCfg = Release|Any CPU
		{F3EF64D7-178F-418D-99D8-4042CE9D510D}.Release|x64.Build.0 = Release|Any CPU
		{F3EF64D7-178F-418D-99D8-4042CE9D510D}.Release|x86.ActiveCfg = Release|Any CPU
		{F3EF64D7-178F-418D-99D8-4042CE9D510D}.Release|x86.Build.0 = Release|Any CPU
		{52E3C881-153C-47C2-B8AB-884D216DE0BB}.Debug|Any CPU.ActiveCfg = Debug|Any CPU
		{52E3C881-153C-47C2-B8AB-884D216DE0BB}.Debug|Any CPU.Build.0 = Debug|Any CPU
		{52E3C881-153C-47C2-B8AB-884D216DE0BB}.Debug|x64.ActiveCfg = Debug|Any CPU
		{52E3C881-153C-47C2-B8AB-884D216DE0BB}.Debug|x64.Build.0 = Debug|Any CPU
		{52E3C881-153C-47C2-B8AB-884D216DE0BB}.Debug|x86.ActiveCfg = Debug|Any CPU
		{52E3C881-153C-47C2-B8AB-884D216DE0BB}.Debug|x86.Build.0 = Debug|Any CPU
		{52E3C881-153C-47C2-B8AB-884D216DE0BB}.Release|Any CPU.ActiveCfg = Release|Any CPU
		{52E3C881-153C-47C2-B8AB-884D216DE0BB}.Release|Any CPU.Build.0 = Release|Any CPU
		{52E3C881-153C-47C2-B8AB-884D216DE0BB}.Release|x64.ActiveCfg = Release|Any CPU
		{52E3C881-153C-47C2-B8AB-884D216DE0BB}.Release|x64.Build.0 = Release|Any CPU
		{52E3C881-153C-47C2-B8AB-884D216DE0BB}.Release|x86.ActiveCfg = Release|Any CPU
		{52E3C881-153C-47C2-B8AB-884D216DE0BB}.Release|x86.Build.0 = Release|Any CPU
		{3DBD4697-A745-48FA-8155-F0AA0DC3330B}.Debug|Any CPU.ActiveCfg = Debug|Any CPU
		{3DBD4697-A745-48FA-8155-F0AA0DC3330B}.Debug|Any CPU.Build.0 = Debug|Any CPU
		{3DBD4697-A745-48FA-8155-F0AA0DC3330B}.Debug|x64.ActiveCfg = Debug|Any CPU
		{3DBD4697-A745-48FA-8155-F0AA0DC3330B}.Debug|x64.Build.0 = Debug|Any CPU
		{3DBD4697-A745-48FA-8155-F0AA0DC3330B}.Debug|x86.ActiveCfg = Debug|Any CPU
		{3DBD4697-A745-48FA-8155-F0AA0DC3330B}.Debug|x86.Build.0 = Debug|Any CPU
		{3DBD4697-A745-48FA-8155-F0AA0DC3330B}.Release|Any CPU.ActiveCfg = Release|Any CPU
		{3DBD4697-A745-48FA-8155-F0AA0DC3330B}.Release|Any CPU.Build.0 = Release|Any CPU
		{3DBD4697-A745-48FA-8155-F0AA0DC3330B}.Release|x64.ActiveCfg = Release|Any CPU
		{3DBD4697-A745-48FA-8155-F0AA0DC3330B}.Release|x64.Build.0 = Release|Any CPU
		{3DBD4697-A745-48FA-8155-F0AA0DC3330B}.Release|x86.ActiveCfg = Release|Any CPU
		{3DBD4697-A745-48FA-8155-F0AA0DC3330B}.Release|x86.Build.0 = Release|Any CPU
		{6B6808D6-5A21-423B-94AF-276BD3F71657}.Debug|Any CPU.ActiveCfg = Debug|Any CPU
		{6B6808D6-5A21-423B-94AF-276BD3F71657}.Debug|Any CPU.Build.0 = Debug|Any CPU
		{6B6808D6-5A21-423B-94AF-276BD3F71657}.Debug|x64.ActiveCfg = Debug|Any CPU
		{6B6808D6-5A21-423B-94AF-276BD3F71657}.Debug|x64.Build.0 = Debug|Any CPU
		{6B6808D6-5A21-423B-94AF-276BD3F71657}.Debug|x86.ActiveCfg = Debug|Any CPU
		{6B6808D6-5A21-423B-94AF-276BD3F71657}.Debug|x86.Build.0 = Debug|Any CPU
		{6B6808D6-5A21-423B-94AF-276BD3F71657}.Release|Any CPU.ActiveCfg = Release|Any CPU
		{6B6808D6-5A21-423B-94AF-276BD3F71657}.Release|Any CPU.Build.0 = Release|Any CPU
		{6B6808D6-5A21-423B-94AF-276BD3F71657}.Release|x64.ActiveCfg = Release|Any CPU
		{6B6808D6-5A21-423B-94AF-276BD3F71657}.Release|x64.Build.0 = Release|Any CPU
		{6B6808D6-5A21-423B-94AF-276BD3F71657}.Release|x86.ActiveCfg = Release|Any CPU
		{6B6808D6-5A21-423B-94AF-276BD3F71657}.Release|x86.Build.0 = Release|Any CPU
		{8FB34F89-9598-4E4E-84C2-92D1FB4FF4BD}.Debug|Any CPU.ActiveCfg = Debug|Any CPU
		{8FB34F89-9598-4E4E-84C2-92D1FB4FF4BD}.Debug|Any CPU.Build.0 = Debug|Any CPU
		{8FB34F89-9598-4E4E-84C2-92D1FB4FF4BD}.Debug|x64.ActiveCfg = Debug|Any CPU
		{8FB34F89-9598-4E4E-84C2-92D1FB4FF4BD}.Debug|x64.Build.0 = Debug|Any CPU
		{8FB34F89-9598-4E4E-84C2-92D1FB4FF4BD}.Debug|x86.ActiveCfg = Debug|Any CPU
		{8FB34F89-9598-4E4E-84C2-92D1FB4FF4BD}.Debug|x86.Build.0 = Debug|Any CPU
		{8FB34F89-9598-4E4E-84C2-92D1FB4FF4BD}.Release|Any CPU.ActiveCfg = Release|Any CPU
		{8FB34F89-9598-4E4E-84C2-92D1FB4FF4BD}.Release|Any CPU.Build.0 = Release|Any CPU
		{8FB34F89-9598-4E4E-84C2-92D1FB4FF4BD}.Release|x64.ActiveCfg = Release|Any CPU
		{8FB34F89-9598-4E4E-84C2-92D1FB4FF4BD}.Release|x64.Build.0 = Release|Any CPU
		{8FB34F89-9598-4E4E-84C2-92D1FB4FF4BD}.Release|x86.ActiveCfg = Release|Any CPU
		{8FB34F89-9598-4E4E-84C2-92D1FB4FF4BD}.Release|x86.Build.0 = Release|Any CPU
		{08630303-92DB-4033-82C0-2B0ABEE7D1C9}.Debug|Any CPU.ActiveCfg = Debug|Any CPU
		{08630303-92DB-4033-82C0-2B0ABEE7D1C9}.Debug|Any CPU.Build.0 = Debug|Any CPU
		{08630303-92DB-4033-82C0-2B0ABEE7D1C9}.Debug|x64.ActiveCfg = Debug|Any CPU
		{08630303-92DB-4033-82C0-2B0ABEE7D1C9}.Debug|x64.Build.0 = Debug|Any CPU
		{08630303-92DB-4033-82C0-2B0ABEE7D1C9}.Debug|x86.ActiveCfg = Debug|Any CPU
		{08630303-92DB-4033-82C0-2B0ABEE7D1C9}.Debug|x86.Build.0 = Debug|Any CPU
		{08630303-92DB-4033-82C0-2B0ABEE7D1C9}.Release|Any CPU.ActiveCfg = Release|Any CPU
		{08630303-92DB-4033-82C0-2B0ABEE7D1C9}.Release|Any CPU.Build.0 = Release|Any CPU
		{08630303-92DB-4033-82C0-2B0ABEE7D1C9}.Release|x64.ActiveCfg = Release|Any CPU
		{08630303-92DB-4033-82C0-2B0ABEE7D1C9}.Release|x64.Build.0 = Release|Any CPU
		{08630303-92DB-4033-82C0-2B0ABEE7D1C9}.Release|x86.ActiveCfg = Release|Any CPU
		{08630303-92DB-4033-82C0-2B0ABEE7D1C9}.Release|x86.Build.0 = Release|Any CPU
		{D7949A20-604A-4138-B661-0AB2CBF36A60}.Debug|Any CPU.ActiveCfg = Debug|Any CPU
		{D7949A20-604A-4138-B661-0AB2CBF36A60}.Debug|Any CPU.Build.0 = Debug|Any CPU
		{D7949A20-604A-4138-B661-0AB2CBF36A60}.Debug|x64.ActiveCfg = Debug|Any CPU
		{D7949A20-604A-4138-B661-0AB2CBF36A60}.Debug|x64.Build.0 = Debug|Any CPU
		{D7949A20-604A-4138-B661-0AB2CBF36A60}.Debug|x86.ActiveCfg = Debug|Any CPU
		{D7949A20-604A-4138-B661-0AB2CBF36A60}.Debug|x86.Build.0 = Debug|Any CPU
		{D7949A20-604A-4138-B661-0AB2CBF36A60}.Release|Any CPU.ActiveCfg = Release|Any CPU
		{D7949A20-604A-4138-B661-0AB2CBF36A60}.Release|Any CPU.Build.0 = Release|Any CPU
		{D7949A20-604A-4138-B661-0AB2CBF36A60}.Release|x64.ActiveCfg = Release|Any CPU
		{D7949A20-604A-4138-B661-0AB2CBF36A60}.Release|x64.Build.0 = Release|Any CPU
		{D7949A20-604A-4138-B661-0AB2CBF36A60}.Release|x86.ActiveCfg = Release|Any CPU
		{D7949A20-604A-4138-B661-0AB2CBF36A60}.Release|x86.Build.0 = Release|Any CPU
		{4128AD89-65FA-420D-8978-24D828925620}.Debug|Any CPU.ActiveCfg = Debug|Any CPU
		{4128AD89-65FA-420D-8978-24D828925620}.Debug|Any CPU.Build.0 = Debug|Any CPU
		{4128AD89-65FA-420D-8978-24D828925620}.Debug|x64.ActiveCfg = Debug|Any CPU
		{4128AD89-65FA-420D-8978-24D828925620}.Debug|x64.Build.0 = Debug|Any CPU
		{4128AD89-65FA-420D-8978-24D828925620}.Debug|x86.ActiveCfg = Debug|Any CPU
		{4128AD89-65FA-420D-8978-24D828925620}.Debug|x86.Build.0 = Debug|Any CPU
		{4128AD89-65FA-420D-8978-24D828925620}.Release|Any CPU.ActiveCfg = Release|Any CPU
		{4128AD89-65FA-420D-8978-24D828925620}.Release|Any CPU.Build.0 = Release|Any CPU
		{4128AD89-65FA-420D-8978-24D828925620}.Release|x64.ActiveCfg = Release|Any CPU
		{4128AD89-65FA-420D-8978-24D828925620}.Release|x64.Build.0 = Release|Any CPU
		{4128AD89-65FA-420D-8978-24D828925620}.Release|x86.ActiveCfg = Release|Any CPU
		{4128AD89-65FA-420D-8978-24D828925620}.Release|x86.Build.0 = Release|Any CPU
		{1B7E79BE-72FE-4C4C-B052-424704AA2412}.Debug|Any CPU.ActiveCfg = Debug|Any CPU
		{1B7E79BE-72FE-4C4C-B052-424704AA2412}.Debug|Any CPU.Build.0 = Debug|Any CPU
		{1B7E79BE-72FE-4C4C-B052-424704AA2412}.Debug|x64.ActiveCfg = Debug|Any CPU
		{1B7E79BE-72FE-4C4C-B052-424704AA2412}.Debug|x64.Build.0 = Debug|Any CPU
		{1B7E79BE-72FE-4C4C-B052-424704AA2412}.Debug|x86.ActiveCfg = Debug|Any CPU
		{1B7E79BE-72FE-4C4C-B052-424704AA2412}.Debug|x86.Build.0 = Debug|Any CPU
		{1B7E79BE-72FE-4C4C-B052-424704AA2412}.Release|Any CPU.ActiveCfg = Release|Any CPU
		{1B7E79BE-72FE-4C4C-B052-424704AA2412}.Release|Any CPU.Build.0 = Release|Any CPU
		{1B7E79BE-72FE-4C4C-B052-424704AA2412}.Release|x64.ActiveCfg = Release|Any CPU
		{1B7E79BE-72FE-4C4C-B052-424704AA2412}.Release|x64.Build.0 = Release|Any CPU
		{1B7E79BE-72FE-4C4C-B052-424704AA2412}.Release|x86.ActiveCfg = Release|Any CPU
		{1B7E79BE-72FE-4C4C-B052-424704AA2412}.Release|x86.Build.0 = Release|Any CPU
	EndGlobalSection
	GlobalSection(SolutionProperties) = preSolution
		HideSolutionNode = FALSE
	EndGlobalSection
	GlobalSection(NestedProjects) = preSolution
		{F3EF64D7-178F-418D-99D8-4042CE9D510D} = {827E0CD3-B72D-47B6-A68D-7590B98EB39B}
		{52E3C881-153C-47C2-B8AB-884D216DE0BB} = {827E0CD3-B72D-47B6-A68D-7590B98EB39B}
		{EC447DCF-ABFA-6E24-52A5-D7FD48A5C558} = {827E0CD3-B72D-47B6-A68D-7590B98EB39B}
		{3DBD4697-A745-48FA-8155-F0AA0DC3330B} = {EC447DCF-ABFA-6E24-52A5-D7FD48A5C558}
		{6B6808D6-5A21-423B-94AF-276BD3F71657} = {EC447DCF-ABFA-6E24-52A5-D7FD48A5C558}
		{8FB34F89-9598-4E4E-84C2-92D1FB4FF4BD} = {CA253913-39DE-BFD0-C9A3-4B7EC6FBDF17}
		{08630303-92DB-4033-82C0-2B0ABEE7D1C9} = {0AB3BF05-4346-4AA6-1389-037BE0695223}
		{D7949A20-604A-4138-B661-0AB2CBF36A60} = {CA253913-39DE-BFD0-C9A3-4B7EC6FBDF17}
		{4128AD89-65FA-420D-8978-24D828925620} = {CA253913-39DE-BFD0-C9A3-4B7EC6FBDF17}
		{1B7E79BE-72FE-4C4C-B052-424704AA2412} = {CA253913-39DE-BFD0-C9A3-4B7EC6FBDF17}
	EndGlobalSection
EndGlobal
